
Microsoft Visual Studio Solution File, Format Version 12.00
# 
Project("{FAE04EC0-301F-11D3-BF4B-00C04F79EFBC}") = "ArticlesApi", "Articles.Api\Articles.Api.csproj", "{4B86B567-850D-4349-85C0-A13D7C0D092A}"
EndProject
Project("{FAE04EC0-301F-11D3-BF4B-00C04F79EFBC}") = "Articles.Db", "Articles.Db\Articles.Db.csproj", "{7072EF11-6BF4-41A5-AC05-B6EFD39F7C6A}"
EndProject
Project("{FAE04EC0-301F-11D3-BF4B-00C04F79EFBC}") = "Articles.Db.Tests", "Articles.Db.Tests\Articles.Db.Tests.csproj", "{42F03B89-D5C6-4798-B181-BC79C60C185E}"
EndProject
Project("{FAE04EC0-301F-11D3-BF4B-00C04F79EFBC}") = "Articles.Api.Tests", "Articles.Api.Tests\Articles.Api.Tests.csproj", "{FFF691C9-23B7-4812-8A2A-739369C48956}"
EndProject
Global
	GlobalSection(SolutionConfigurationPlatforms) = preSolution
		Debug|Any CPU = Debug|Any CPU
		Release|Any CPU = Release|Any CPU
	EndGlobalSection
	GlobalSection(ProjectConfigurationPlatforms) = postSolution
		{4B86B567-850D-4349-85C0-A13D7C0D092A}.Debug|Any CPU.ActiveCfg = Debug|Any CPU
		{4B86B567-850D-4349-85C0-A13D7C0D092A}.Debug|Any CPU.Build.0 = Debug|Any CPU
		{4B86B567-850D-4349-85C0-A13D7C0D092A}.Release|Any CPU.ActiveCfg = Release|Any CPU
		{4B86B567-850D-4349-85C0-A13D7C0D092A}.Release|Any CPU.Build.0 = Release|Any CPU
		{7072EF11-6BF4-41A5-AC05-B6EFD39F7C6A}.Debug|Any CPU.ActiveCfg = Debug|Any CPU
		{7072EF11-6BF4-41A5-AC05-B6EFD39F7C6A}.Debug|Any CPU.Build.0 = Debug|Any CPU
		{7072EF11-6BF4-41A5-AC05-B6EFD39F7C6A}.Release|Any CPU.ActiveCfg = Release|Any CPU
		{7072EF11-6BF4-41A5-AC05-B6EFD39F7C6A}.Release|Any CPU.Build.0 = Release|Any CPU
		{42F03B89-D5C6-4798-B181-BC79C60C185E}.Debug|Any CPU.ActiveCfg = Debug|Any CPU
		{42F03B89-D5C6-4798-B181-BC79C60C185E}.Debug|Any CPU.Build.0 = Debug|Any CPU
		{42F03B89-D5C6-4798-B181-BC79C60C185E}.Release|Any CPU.ActiveCfg = Release|Any CPU
		{42F03B89-D5C6-4798-B181-BC79C60C185E}.Release|Any CPU.Build.0 = Release|Any CPU
		{FFF691C9-23B7-4812-8A2A-739369C48956}.Debug|Any CPU.ActiveCfg = Debug|Any CPU
		{FFF691C9-23B7-4812-8A2A-739369C48956}.Debug|Any CPU.Build.0 = Debug|Any CPU
		{FFF691C9-23B7-4812-8A2A-739369C48956}.Release|Any CPU.ActiveCfg = Release|Any CPU
		{FFF691C9-23B7-4812-8A2A-739369C48956}.Release|Any CPU.Build.0 = Release|Any CPU
	EndGlobalSection
EndGlobal
